
Microsoft Visual Studio Solution File, Format Version 12.00
# Visual Studio Version 16
VisualStudioVersion = 16.0.30413.136
MinimumVisualStudioVersion = 10.0.40219.1
Project("{FAE04EC0-301F-11D3-BF4B-00C04F79EFBC}") = "testJenkins", "testJenkins.csproj", "{5681DA06-77F2-4351-A52F-5D4E5BD59A2A}"
EndProject
Global
	GlobalSection(SolutionConfigurationPlatforms) = preSolution
		Debug|Any CPU = Debug|Any CPU
		Release|Any CPU = Release|Any CPU
	EndGlobalSection
	GlobalSection(ProjectConfigurationPlatforms) = postSolution
		{5681DA06-77F2-4351-A52F-5D4E5BD59A2A}.Debug|Any CPU.ActiveCfg = Debug|Any CPU
		{5681DA06-77F2-4351-A52F-5D4E5BD59A2A}.Debug|Any CPU.Build.0 = Debug|Any CPU
		{5681DA06-77F2-4351-A52F-5D4E5BD59A2A}.Release|Any CPU.ActiveCfg = Release|Any CPU
		{5681DA06-77F2-4351-A52F-5D4E5BD59A2A}.Release|Any CPU.Build.0 = Release|Any CPU
	EndGlobalSection
	GlobalSection(SolutionProperties) = preSolution
		HideSolutionNode = FALSE
	EndGlobalSection
	GlobalSection(ExtensibilityGlobals) = postSolution
		SolutionGuid = {B8B1F8CE-3F4C-4DF7-9673-8125FADCBDBF}
	EndGlobalSection
EndGlobal
